// !$*UTF8*$!
{
	archiveVersion = 1;
	classes = {
	};
	objectVersion = 50;
	objects = {

/* Begin PBXBuildFile section */
		079A7BD2224699B300DC80FB /* AppDelegate.swift in Sources */ = {isa = PBXBuildFile; fileRef = 079A7BD1224699B300DC80FB /* AppDelegate.swift */; };
		079A7BD4224699B300DC80FB /* ViewController.swift in Sources */ = {isa = PBXBuildFile; fileRef = 079A7BD3224699B300DC80FB /* ViewController.swift */; };
		079A7BD7224699B300DC80FB /* Main.storyboard in Resources */ = {isa = PBXBuildFile; fileRef = 079A7BD5224699B300DC80FB /* Main.storyboard */; };
		079A7BD9224699B700DC80FB /* Assets.xcassets in Resources */ = {isa = PBXBuildFile; fileRef = 079A7BD8224699B700DC80FB /* Assets.xcassets */; };
		079A7BDC224699B700DC80FB /* LaunchScreen.storyboard in Resources */ = {isa = PBXBuildFile; fileRef = 079A7BDA224699B700DC80FB /* LaunchScreen.storyboard */; };
		07B424072256D2800089B077 /* AboutViewController.swift in Sources */ = {isa = PBXBuildFile; fileRef = 07B424062256D2800089B077 /* AboutViewController.swift */; };
		07B424092256E2EC0089B077 /* AboutAuthorViewController.swift in Sources */ = {isa = PBXBuildFile; fileRef = 07B424082256E2EC0089B077 /* AboutAuthorViewController.swift */; };
		07FEBC64225A79FD00AB9C55 /* BullsEye.html in Resources */ = {isa = PBXBuildFile; fileRef = 07FEBC63225A79FC00AB9C55 /* BullsEye.html */; };
		07FEBC67225A825000AB9C55 /* WebKit.framework in Frameworks */ = {isa = PBXBuildFile; fileRef = 07FEBC66225A825000AB9C55 /* WebKit.framework */; };
/* End PBXBuildFile section */

/* Begin PBXFileReference section */
		079A7BCE224699B300DC80FB /* BullsEye.app */ = {isa = PBXFileReference; explicitFileType = wrapper.application; includeInIndex = 0; path = BullsEye.app; sourceTree = BUILT_PRODUCTS_DIR; };
		079A7BD1224699B300DC80FB /* AppDelegate.swift */ = {isa = PBXFileReference; lastKnownFileType = sourcecode.swift; path = AppDelegate.swift; sourceTree = "<group>"; };
		079A7BD3224699B300DC80FB /* ViewController.swift */ = {isa = PBXFileReference; lastKnownFileType = sourcecode.swift; path = ViewController.swift; sourceTree = "<group>"; };
		079A7BD6224699B300DC80FB /* Base */ = {isa = PBXFileReference; lastKnownFileType = file.storyboard; name = Base; path = Base.lproj/Main.storyboard; sourceTree = "<group>"; };
		079A7BD8224699B700DC80FB /* Assets.xcassets */ = {isa = PBXFileReference; lastKnownFileType = folder.assetcatalog; path = Assets.xcassets; sourceTree = "<group>"; };
		079A7BDB224699B700DC80FB /* Base */ = {isa = PBXFileReference; lastKnownFileType = file.storyboard; name = Base; path = Base.lproj/LaunchScreen.storyboard; sourceTree = "<group>"; };
		079A7BDD224699B700DC80FB /* Info.plist */ = {isa = PBXFileReference; lastKnownFileType = text.plist.xml; path = Info.plist; sourceTree = "<group>"; };
		07B424062256D2800089B077 /* AboutViewController.swift */ = {isa = PBXFileReference; lastKnownFileType = sourcecode.swift; path = AboutViewController.swift; sourceTree = "<group>"; };
		07B424082256E2EC0089B077 /* AboutAuthorViewController.swift */ = {isa = PBXFileReference; lastKnownFileType = sourcecode.swift; path = AboutAuthorViewController.swift; sourceTree = "<group>"; };
		07FEBC63225A79FC00AB9C55 /* BullsEye.html */ = {isa = PBXFileReference; fileEncoding = 4; lastKnownFileType = text.html; path = BullsEye.html; sourceTree = "<group>"; };
		07FEBC66225A825000AB9C55 /* WebKit.framework */ = {isa = PBXFileReference; lastKnownFileType = wrapper.framework; name = WebKit.framework; path = System/Library/Frameworks/WebKit.framework; sourceTree = SDKROOT; };
/* End PBXFileReference section */

/* Begin PBXFrameworksBuildPhase section */
		079A7BCB224699B300DC80FB /* Frameworks */ = {
			isa = PBXFrameworksBuildPhase;
			buildActionMask = 2147483647;
			files = (
				07FEBC67225A825000AB9C55 /* WebKit.framework in Frameworks */,
			);
			runOnlyForDeploymentPostprocessing = 0;
		};
/* End PBXFrameworksBuildPhase section */

/* Begin PBXGroup section */
		079A7BC5224699B300DC80FB = {
			isa = PBXGroup;
			children = (
				079A7BD0224699B300DC80FB /* BullsEye */,
				079A7BCF224699B300DC80FB /* Products */,
				07FEBC65225A825000AB9C55 /* Frameworks */,
			);
			sourceTree = "<group>";
		};
		079A7BCF224699B300DC80FB /* Products */ = {
			isa = PBXGroup;
			children = (
				079A7BCE224699B300DC80FB /* BullsEye.app */,
			);
			name = Products;
			sourceTree = "<group>";
		};
		079A7BD0224699B300DC80FB /* BullsEye */ = {
			isa = PBXGroup;
			children = (
				079A7BD1224699B300DC80FB /* AppDelegate.swift */,
				079A7BD3224699B300DC80FB /* ViewController.swift */,
				07B424062256D2800089B077 /* AboutViewController.swift */,
				079A7BD5224699B300DC80FB /* Main.storyboard */,
				07B424082256E2EC0089B077 /* AboutAuthorViewController.swift */,
				079A7BD8224699B700DC80FB /* Assets.xcassets */,
				079A7BDA224699B700DC80FB /* LaunchScreen.storyboard */,
				079A7BDD224699B700DC80FB /* Info.plist */,
				07FEBC63225A79FC00AB9C55 /* BullsEye.html */,
			);
			path = BullsEye;
			sourceTree = "<group>";
		};
		07FEBC65225A825000AB9C55 /* Frameworks */ = {
			isa = PBXGroup;
			children = (
				07FEBC66225A825000AB9C55 /* WebKit.framework */,
			);
			name = Frameworks;
			sourceTree = "<group>";
		};
/* End PBXGroup section */

/* Begin PBXNativeTarget section */
		079A7BCD224699B300DC80FB /* BullsEye */ = {
			isa = PBXNativeTarget;
			buildConfigurationList = 079A7BE0224699B700DC80FB /* Build configuration list for PBXNativeTarget "BullsEye" */;
			buildPhases = (
				079A7BCA224699B300DC80FB /* Sources */,
				079A7BCB224699B300DC80FB /* Frameworks */,
				079A7BCC224699B300DC80FB /* Resources */,
			);
			buildRules = (
			);
			dependencies = (
			);
			name = BullsEye;
			productName = BullsEye;
			productReference = 079A7BCE224699B300DC80FB /* BullsEye.app */;
			productType = "com.apple.product-type.application";
		};
/* End PBXNativeTarget section */

/* Begin PBXProject section */
		079A7BC6224699B300DC80FB /* Project object */ = {
			isa = PBXProject;
			attributes = {
				LastSwiftUpdateCheck = 1010;
				LastUpgradeCheck = 1010;
				ORGANIZATIONNAME = "Ray Wenderlich";
				TargetAttributes = {
					079A7BCD224699B300DC80FB = {
						CreatedOnToolsVersion = 10.1;
					};
				};
			};
			buildConfigurationList = 079A7BC9224699B300DC80FB /* Build configuration list for PBXProject "BullsEye" */;
			compatibilityVersion = "Xcode 9.3";
			developmentRegion = en;
			hasScannedForEncodings = 0;
			knownRegions = (
				en,
				Base,
			);
			mainGroup = 079A7BC5224699B300DC80FB;
			productRefGroup = 079A7BCF224699B300DC80FB /* Products */;
			projectDirPath = "";
			projectRoot = "";
			targets = (
				079A7BCD224699B300DC80FB /* BullsEye */,
			);
		};
/* End PBXProject section */

/* Begin PBXResourcesBuildPhase section */
		079A7BCC224699B300DC80FB /* Resources */ = {
			isa = PBXResourcesBuildPhase;
			buildActionMask = 2147483647;
			files = (
				079A7BDC224699B700DC80FB /* LaunchScreen.storyboard in Resources */,
				07FEBC64225A79FD00AB9C55 /* BullsEye.html in Resources */,
				079A7BD9224699B700DC80FB /* Assets.xcassets in Resources */,
				079A7BD7224699B300DC80FB /* Main.storyboard in Resources */,
			);
			runOnlyForDeploymentPostprocessing = 0;
		};
/* End PBXResourcesBuildPhase section */

/* Begin PBXSourcesBuildPhase section */
		079A7BCA224699B300DC80FB /* Sources */ = {
			isa = PBXSourcesBuildPhase;
			buildActionMask = 2147483647;
			files = (
				07B424072256D2800089B077 /* AboutViewController.swift in Sources */,
				079A7BD4224699B300DC80FB /* ViewController.swift in Sources */,
				079A7BD2224699B300DC80FB /* AppDelegate.swift in Sources */,
				07B424092256E2EC0089B077 /* AboutAuthorViewController.swift in Sources */,
			);
			runOnlyForDeploymentPostprocessing = 0;
		};
/* End PBXSourcesBuildPhase section */

/* Begin PBXVariantGroup section */
		079A7BD5224699B300DC80FB /* Main.storyboard */ = {
			isa = PBXVariantGroup;
			children = (
				079A7BD6224699B300DC80FB /* Base */,
			);
			name = Main.storyboard;
			sourceTree = "<group>";
		};
		079A7BDA224699B700DC80FB /* LaunchScreen.storyboard */ = {
			isa = PBXVariantGroup;
			children = (
				079A7BDB224699B700DC80FB /* Base */,
			);
			name = LaunchScreen.storyboard;
			sourceTree = "<group>";
		};
/* End PBXVariantGroup section */

/* Begin XCBuildConfiguration section */
		079A7BDE224699B700DC80FB /* Debug */ = {
			isa = XCBuildConfiguration;
			buildSettings = {
				ALWAYS_SEARCH_USER_PATHS = NO;
				CLANG_ANALYZER_NONNULL = YES;
				CLANG_ANALYZER_NUMBER_OBJECT_CONVERSION = YES_AGGRESSIVE;
				CLANG_CXX_LANGUAGE_STANDARD = "gnu++14";
				CLANG_CXX_LIBRARY = "libc++";
				CLANG_ENABLE_MODULES = YES;
				CLANG_ENABLE_OBJC_ARC = YES;
				CLANG_ENABLE_OBJC_WEAK = YES;
				CLANG_WARN_BLOCK_CAPTURE_AUTORELEASING = YES;
				CLANG_WARN_BOOL_CONVERSION = YES;
				CLANG_WARN_COMMA = YES;
				CLANG_WARN_CONSTANT_CONVERSION = YES;
				CLANG_WARN_DEPRECATED_OBJC_IMPLEMENTATIONS = YES;
				CLANG_WARN_DIRECT_OBJC_ISA_USAGE = YES_ERROR;
				CLANG_WARN_DOCUMENTATION_COMMENTS = YES;
				CLANG_WARN_EMPTY_BODY = YES;
				CLANG_WARN_ENUM_CONVERSION = YES;
				CLANG_WARN_INFINITE_RECURSION = YES;
				CLANG_WARN_INT_CONVERSION = YES;
				CLANG_WARN_NON_LITERAL_NULL_CONVERSION = YES;
				CLANG_WARN_OBJC_IMPLICIT_RETAIN_SELF = YES;
				CLANG_WARN_OBJC_LITERAL_CONVERSION = YES;
				CLANG_WARN_OBJC_ROOT_CLASS = YES_ERROR;
				CLANG_WARN_RANGE_LOOP_ANALYSIS = YES;
				CLANG_WARN_STRICT_PROTOTYPES = YES;
				CLANG_WARN_SUSPICIOUS_MOVE = YES;
				CLANG_WARN_UNGUARDED_AVAILABILITY = YES_AGGRESSIVE;
				CLANG_WARN_UNREACHABLE_CODE = YES;
				CLANG_WARN__DUPLICATE_METHOD_MATCH = YES;
				CODE_SIGN_IDENTITY = "iPhone Developer";
				COPY_PHASE_STRIP = NO;
				DEBUG_INFORMATION_FORMAT = dwarf;
				ENABLE_STRICT_OBJC_MSGSEND = YES;
				ENABLE_TESTABILITY = YES;
				GCC_C_LANGUAGE_STANDARD = gnu11;
				GCC_DYNAMIC_NO_PIC = NO;
				GCC_NO_COMMON_BLOCKS = YES;
				GCC_OPTIMIZATION_LEVEL = 0;
				GCC_PREPROCESSOR_DEFINITIONS = (
					"DEBUG=1",
					"$(inherited)",
				);
				GCC_WARN_64_TO_32_BIT_CONVERSION = YES;
				GCC_WARN_ABOUT_RETURN_TYPE = YES_ERROR;
				GCC_WARN_UNDECLARED_SELECTOR = YES;
				GCC_WARN_UNINITIALIZED_AUTOS = YES_AGGRESSIVE;
				GCC_WARN_UNUSED_FUNCTION = YES;
				GCC_WARN_UNUSED_VARIABLE = YES;
				IPHONEOS_DEPLOYMENT_TARGET = 12.1;
				MTL_ENABLE_DEBUG_INFO = INCLUDE_SOURCE;
				MTL_FAST_MATH = YES;
				ONLY_ACTIVE_ARCH = YES;
				SDKROOT = iphoneos;
				SWIFT_ACTIVE_COMPILATION_CONDITIONS = DEBUG;
				SWIFT_OPTIMIZATION_LEVEL = "-Onone";
			};
			name = Debug;
		};
		079A7BDF224699B700DC80FB /* Release */ = {
			isa = XCBuildConfiguration;
			buildSettings = {
				ALWAYS_SEARCH_USER_PATHS = NO;
				CLANG_ANALYZER_NONNULL = YES;
				CLANG_ANALYZER_NUMBER_OBJECT_CONVERSION = YES_AGGRESSIVE;
				CLANG_CXX_LANGUAGE_STANDARD = "gnu++14";
				CLANG_CXX_LIBRARY = "libc++";
				CLANG_ENABLE_MODULES = YES;
				CLANG_ENABLE_OBJC_ARC = YES;
				CLANG_ENABLE_OBJC_WEAK = YES;
				CLANG_WARN_BLOCK_CAPTURE_AUTORELEASING = YES;
				CLANG_WARN_BOOL_CONVERSION = YES;
				CLANG_WARN_COMMA = YES;
				CLANG_WARN_CONSTANT_CONVERSION = YES;
				CLANG_WARN_DEPRECATED_OBJC_IMPLEMENTATIONS = YES;
				CLANG_WARN_DIRECT_OBJC_ISA_USAGE = YES_ERROR;
				CLANG_WARN_DOCUMENTATION_COMMENTS = YES;
				CLANG_WARN_EMPTY_BODY = YES;
				CLANG_WARN_ENUM_CONVERSION = YES;
				CLANG_WARN_INFINITE_RECURSION = YES;
				CLANG_WARN_INT_CONVERSION = YES;
				CLANG_WARN_NON_LITERAL_NULL_CONVERSION = YES;
				CLANG_WARN_OBJC_IMPLICIT_RETAIN_SELF = YES;
				CLANG_WARN_OBJC_LITERAL_CONVERSION = YES;
				CLANG_WARN_OBJC_ROOT_CLASS = YES_ERROR;
				CLANG_WARN_RANGE_LOOP_ANALYSIS = YES;
				CLANG_WARN_STRICT_PROTOTYPES = YES;
				CLANG_WARN_SUSPICIOUS_MOVE = YES;
				CLANG_WARN_UNGUARDED_AVAILABILITY = YES_AGGRESSIVE;
				CLANG_WARN_UNREACHABLE_CODE = YES;
				CLANG_WARN__DUPLICATE_METHOD_MATCH = YES;
				CODE_SIGN_IDENTITY = "iPhone Developer";
				COPY_PHASE_STRIP = NO;
				DEBUG_INFORMATION_FORMAT = "dwarf-with-dsym";
				ENABLE_NS_ASSERTIONS = NO;
				ENABLE_STRICT_OBJC_MSGSEND = YES;
				GCC_C_LANGUAGE_STANDARD = gnu11;
				GCC_NO_COMMON_BLOCKS = YES;
				GCC_WARN_64_TO_32_BIT_CONVERSION = YES;
				GCC_WARN_ABOUT_RETURN_TYPE = YES_ERROR;
				GCC_WARN_UNDECLARED_SELECTOR = YES;
				GCC_WARN_UNINITIALIZED_AUTOS = YES_AGGRESSIVE;
				GCC_WARN_UNUSED_FUNCTION = YES;
				GCC_WARN_UNUSED_VARIABLE = YES;
				IPHONEOS_DEPLOYMENT_TARGET = 12.1;
				MTL_ENABLE_DEBUG_INFO = NO;
				MTL_FAST_MATH = YES;
				SDKROOT = iphoneos;
				SWIFT_COMPILATION_MODE = wholemodule;
				SWIFT_OPTIMIZATION_LEVEL = "-O";
				VALIDATE_PRODUCT = YES;
			};
			name = Release;
		};
		079A7BE1224699B700DC80FB /* Debug */ = {
			isa = XCBuildConfiguration;
			buildSettings = {
				ASSETCATALOG_COMPILER_APPICON_NAME = AppIcon;
				CODE_SIGN_STYLE = Automatic;
				INFOPLIST_FILE = BullsEye/Info.plist;
				LD_RUNPATH_SEARCH_PATHS = (
					"$(inherited)",
					"@executable_path/Frameworks",
				);
				PRODUCT_BUNDLE_IDENTIFIER = com.razeware.BullsEye;
				PRODUCT_NAME = "$(TARGET_NAME)";
				SWIFT_VERSION = 4.2;
				TARGETED_DEVICE_FAMILY = "1,2";
			};
			name = Debug;
		};
		079A7BE2224699B700DC80FB /* Release */ = {
			isa = XCBuildConfiguration;
			buildSettings = {
				ASSETCATALOG_COMPILER_APPICON_NAME = AppIcon;
				CODE_SIGN_STYLE = Automatic;
				INFOPLIST_FILE = BullsEye/Info.plist;
				LD_RUNPATH_SEARCH_PATHS = (
					"$(inherited)",
					"@executable_path/Frameworks",
				);
				PRODUCT_BUNDLE_IDENTIFIER = com.razeware.BullsEye;
				PRODUCT_NAME = "$(TARGET_NAME)";
				SWIFT_VERSION = 4.2;
				TARGETED_DEVICE_FAMILY = "1,2";
			};
			name = Release;
		};
/* End XCBuildConfiguration section */

/* Begin XCConfigurationList section */
		079A7BC9224699B300DC80FB /* Build configuration list for PBXProject "BullsEye" */ = {
			isa = XCConfigurationList;
			buildConfigurations = (
				079A7BDE224699B700DC80FB /* Debug */,
				079A7BDF224699B700DC80FB /* Release */,
			);
			defaultConfigurationIsVisible = 0;
			defaultConfigurationName = Release;
		};
		079A7BE0224699B700DC80FB /* Build configuration list for PBXNativeTarget "BullsEye" */ = {
			isa = XCConfigurationList;
			buildConfigurations = (
				079A7BE1224699B700DC80FB /* Debug */,
				079A7BE2224699B700DC80FB /* Release */,
			);
			defaultConfigurationIsVisible = 0;
			defaultConfigurationName = Release;
		};
/* End XCConfigurationList section */
	};
	rootObject = 079A7BC6224699B300DC80FB /* Project object */;
}
